// !$*UTF8*$!
{
	archiveVersion = 1;
	classes = {
	};
	objectVersion = 46;
	objects = {

/* Begin PBXBuildFile section */
		E18EA98C1660E5890076C565 /* gknodeview-default-bg.png in Resources */ = {isa = PBXBuildFile; fileRef = E18EA98B1660E5890076C565 /* gknodeview-default-bg.png */; };
		E1B54BB6165914420085B06D /* UIKit.framework in Frameworks */ = {isa = PBXBuildFile; fileRef = E1B54BB5165914420085B06D /* UIKit.framework */; };
		E1B54BB8165914420085B06D /* Foundation.framework in Frameworks */ = {isa = PBXBuildFile; fileRef = E1B54BB7165914420085B06D /* Foundation.framework */; };
		E1B54BBA165914420085B06D /* CoreGraphics.framework in Frameworks */ = {isa = PBXBuildFile; fileRef = E1B54BB9165914420085B06D /* CoreGraphics.framework */; };
		E1B54BC0165914420085B06D /* InfoPlist.strings in Resources */ = {isa = PBXBuildFile; fileRef = E1B54BBE165914420085B06D /* InfoPlist.strings */; };
		E1B54BC2165914420085B06D /* main.m in Sources */ = {isa = PBXBuildFile; fileRef = E1B54BC1165914420085B06D /* main.m */; };
		E1B54BC6165914420085B06D /* AppDelegate.m in Sources */ = {isa = PBXBuildFile; fileRef = E1B54BC5165914420085B06D /* AppDelegate.m */; };
		E1B54BC8165914420085B06D /* Default.png in Resources */ = {isa = PBXBuildFile; fileRef = E1B54BC7165914420085B06D /* Default.png */; };
		E1B54BCA165914420085B06D /* Default@2x.png in Resources */ = {isa = PBXBuildFile; fileRef = E1B54BC9165914420085B06D /* Default@2x.png */; };
		E1B54BCC165914420085B06D /* Default-568h@2x.png in Resources */ = {isa = PBXBuildFile; fileRef = E1B54BCB165914420085B06D /* Default-568h@2x.png */; };
		E1B54BD4165914E00085B06D /* GKGraphView.m in Sources */ = {isa = PBXBuildFile; fileRef = E1B54BD3165914E00085B06D /* GKGraphView.m */; };
		E1DF7378165C12680012F299 /* GKNodeView.m in Sources */ = {isa = PBXBuildFile; fileRef = E1DF7377165C12680012F299 /* GKNodeView.m */; };
		E1DF737F165C36A70012F299 /* UIView+Geometry.m in Sources */ = {isa = PBXBuildFile; fileRef = E1DF737E165C36A70012F299 /* UIView+Geometry.m */; };
		E1DF7382165C3A0F0012F299 /* TestViewController.m in Sources */ = {isa = PBXBuildFile; fileRef = E1DF7381165C3A0F0012F299 /* TestViewController.m */; };
		E1DF7384165C3B7F0012F299 /* TestViewController.xib in Resources */ = {isa = PBXBuildFile; fileRef = E1DF7383165C3B7F0012F299 /* TestViewController.xib */; };
		E1EA5463165D298400EF5B46 /* TestNode.m in Sources */ = {isa = PBXBuildFile; fileRef = E1EA5462165D298400EF5B46 /* TestNode.m */; };
/* End PBXBuildFile section */

/* Begin PBXFileReference section */
		E18EA98B1660E5890076C565 /* gknodeview-default-bg.png */ = {isa = PBXFileReference; lastKnownFileType = image.png; path = "gknodeview-default-bg.png"; sourceTree = "<group>"; };
		E1B54BB1165914420085B06D /* GraphKit.app */ = {isa = PBXFileReference; explicitFileType = wrapper.application; includeInIndex = 0; path = GraphKit.app; sourceTree = BUILT_PRODUCTS_DIR; };
		E1B54BB5165914420085B06D /* UIKit.framework */ = {isa = PBXFileReference; lastKnownFileType = wrapper.framework; name = UIKit.framework; path = System/Library/Frameworks/UIKit.framework; sourceTree = SDKROOT; };
		E1B54BB7165914420085B06D /* Foundation.framework */ = {isa = PBXFileReference; lastKnownFileType = wrapper.framework; name = Foundation.framework; path = System/Library/Frameworks/Foundation.framework; sourceTree = SDKROOT; };
		E1B54BB9165914420085B06D /* CoreGraphics.framework */ = {isa = PBXFileReference; lastKnownFileType = wrapper.framework; name = CoreGraphics.framework; path = System/Library/Frameworks/CoreGraphics.framework; sourceTree = SDKROOT; };
		E1B54BBD165914420085B06D /* GraphKit-Info.plist */ = {isa = PBXFileReference; lastKnownFileType = text.plist.xml; path = "GraphKit-Info.plist"; sourceTree = "<group>"; };
		E1B54BBF165914420085B06D /* en */ = {isa = PBXFileReference; lastKnownFileType = text.plist.strings; name = en; path = en.lproj/InfoPlist.strings; sourceTree = "<group>"; };
		E1B54BC1165914420085B06D /* main.m */ = {isa = PBXFileReference; lastKnownFileType = sourcecode.c.objc; path = main.m; sourceTree = "<group>"; };
		E1B54BC3165914420085B06D /* GraphKit-Prefix.pch */ = {isa = PBXFileReference; lastKnownFileType = sourcecode.c.h; path = "GraphKit-Prefix.pch"; sourceTree = "<group>"; };
		E1B54BC4165914420085B06D /* AppDelegate.h */ = {isa = PBXFileReference; lastKnownFileType = sourcecode.c.h; path = AppDelegate.h; sourceTree = "<group>"; };
		E1B54BC5165914420085B06D /* AppDelegate.m */ = {isa = PBXFileReference; lastKnownFileType = sourcecode.c.objc; path = AppDelegate.m; sourceTree = "<group>"; };
		E1B54BC7165914420085B06D /* Default.png */ = {isa = PBXFileReference; lastKnownFileType = image.png; path = Default.png; sourceTree = "<group>"; };
		E1B54BC9165914420085B06D /* Default@2x.png */ = {isa = PBXFileReference; lastKnownFileType = image.png; path = "Default@2x.png"; sourceTree = "<group>"; };
		E1B54BCB165914420085B06D /* Default-568h@2x.png */ = {isa = PBXFileReference; lastKnownFileType = image.png; path = "Default-568h@2x.png"; sourceTree = "<group>"; };
		E1B54BD2165914E00085B06D /* GKGraphView.h */ = {isa = PBXFileReference; fileEncoding = 4; lastKnownFileType = sourcecode.c.h; path = GKGraphView.h; sourceTree = "<group>"; };
		E1B54BD3165914E00085B06D /* GKGraphView.m */ = {isa = PBXFileReference; fileEncoding = 4; lastKnownFileType = sourcecode.c.objc; path = GKGraphView.m; sourceTree = "<group>"; };
		E1DF7376165C12680012F299 /* GKNodeView.h */ = {isa = PBXFileReference; fileEncoding = 4; lastKnownFileType = sourcecode.c.h; path = GKNodeView.h; sourceTree = "<group>"; };
		E1DF7377165C12680012F299 /* GKNodeView.m */ = {isa = PBXFileReference; fileEncoding = 4; lastKnownFileType = sourcecode.c.objc; path = GKNodeView.m; sourceTree = "<group>"; };
		E1DF737A165C290D0012F299 /* GKNode.h */ = {isa = PBXFileReference; lastKnownFileType = sourcecode.c.h; path = GKNode.h; sourceTree = "<group>"; };
		E1DF737B165C29150012F299 /* GKGraph.h */ = {isa = PBXFileReference; lastKnownFileType = sourcecode.c.h; path = GKGraph.h; sourceTree = "<group>"; };
		E1DF737C165C29450012F299 /* GKLink.h */ = {isa = PBXFileReference; lastKnownFileType = sourcecode.c.h; path = GKLink.h; sourceTree = "<group>"; };
		E1DF737D165C36820012F299 /* UIView+Geometry.h */ = {isa = PBXFileReference; fileEncoding = 4; lastKnownFileType = sourcecode.c.h; path = "UIView+Geometry.h"; sourceTree = "<group>"; };
		E1DF737E165C36A70012F299 /* UIView+Geometry.m */ = {isa = PBXFileReference; fileEncoding = 4; lastKnownFileType = sourcecode.c.objc; path = "UIView+Geometry.m"; sourceTree = "<group>"; };
		E1DF7380165C3A0F0012F299 /* TestViewController.h */ = {isa = PBXFileReference; fileEncoding = 4; lastKnownFileType = sourcecode.c.h; path = TestViewController.h; sourceTree = "<group>"; };
		E1DF7381165C3A0F0012F299 /* TestViewController.m */ = {isa = PBXFileReference; fileEncoding = 4; lastKnownFileType = sourcecode.c.objc; path = TestViewController.m; sourceTree = "<group>"; };
		E1DF7383165C3B7F0012F299 /* TestViewController.xib */ = {isa = PBXFileReference; fileEncoding = 4; lastKnownFileType = file.xib; path = TestViewController.xib; sourceTree = "<group>"; };
		E1EA5461165D298300EF5B46 /* TestNode.h */ = {isa = PBXFileReference; fileEncoding = 4; lastKnownFileType = sourcecode.c.h; path = TestNode.h; sourceTree = "<group>"; };
		E1EA5462165D298400EF5B46 /* TestNode.m */ = {isa = PBXFileReference; fileEncoding = 4; lastKnownFileType = sourcecode.c.objc; path = TestNode.m; sourceTree = "<group>"; };
/* End PBXFileReference section */

/* Begin PBXFrameworksBuildPhase section */
		E1B54BAE165914420085B06D /* Frameworks */ = {
			isa = PBXFrameworksBuildPhase;
			buildActionMask = 2147483647;
			files = (
				E1B54BB6165914420085B06D /* UIKit.framework in Frameworks */,
				E1B54BB8165914420085B06D /* Foundation.framework in Frameworks */,
				E1B54BBA165914420085B06D /* CoreGraphics.framework in Frameworks */,
			);
			runOnlyForDeploymentPostprocessing = 0;
		};
/* End PBXFrameworksBuildPhase section */

/* Begin PBXGroup section */
		E1B54BA6165914420085B06D = {
			isa = PBXGroup;
			children = (
				E1B54BBB165914420085B06D /* GraphKit */,
				E1B54BBC165914420085B06D /* Supporting Files */,
				E1B54BB4165914420085B06D /* Frameworks */,
				E1B54BB2165914420085B06D /* Products */,
			);
			sourceTree = "<group>";
		};
		E1B54BB2165914420085B06D /* Products */ = {
			isa = PBXGroup;
			children = (
				E1B54BB1165914420085B06D /* GraphKit.app */,
			);
			name = Products;
			sourceTree = "<group>";
		};
		E1B54BB4165914420085B06D /* Frameworks */ = {
			isa = PBXGroup;
			children = (
				E1B54BB5165914420085B06D /* UIKit.framework */,
				E1B54BB7165914420085B06D /* Foundation.framework */,
				E1B54BB9165914420085B06D /* CoreGraphics.framework */,
			);
			name = Frameworks;
			sourceTree = "<group>";
		};
		E1B54BBB165914420085B06D /* GraphKit */ = {
			isa = PBXGroup;
			children = (
				E1B54BC4165914420085B06D /* AppDelegate.h */,
				E1B54BC5165914420085B06D /* AppDelegate.m */,
				E1B54BD2165914E00085B06D /* GKGraphView.h */,
				E1B54BD3165914E00085B06D /* GKGraphView.m */,
				E1DF7376165C12680012F299 /* GKNodeView.h */,
				E1DF7377165C12680012F299 /* GKNodeView.m */,
				E1DF737B165C29150012F299 /* GKGraph.h */,
				E1DF737A165C290D0012F299 /* GKNode.h */,
				E1DF737C165C29450012F299 /* GKLink.h */,
				E1DF737D165C36820012F299 /* UIView+Geometry.h */,
				E1DF737E165C36A70012F299 /* UIView+Geometry.m */,
				E1DF7380165C3A0F0012F299 /* TestViewController.h */,
				E1DF7381165C3A0F0012F299 /* TestViewController.m */,
				E1DF7383165C3B7F0012F299 /* TestViewController.xib */,
				E1EA5461165D298300EF5B46 /* TestNode.h */,
				E1EA5462165D298400EF5B46 /* TestNode.m */,
			);
			path = GraphKit;
			sourceTree = "<group>";
		};
		E1B54BBC165914420085B06D /* Supporting Files */ = {
			isa = PBXGroup;
			children = (
				E18EA98B1660E5890076C565 /* gknodeview-default-bg.png */,
				E1B54BBD165914420085B06D /* GraphKit-Info.plist */,
				E1B54BBE165914420085B06D /* InfoPlist.strings */,
				E1B54BC1165914420085B06D /* main.m */,
				E1B54BC3165914420085B06D /* GraphKit-Prefix.pch */,
				E1B54BC7165914420085B06D /* Default.png */,
				E1B54BC9165914420085B06D /* Default@2x.png */,
				E1B54BCB165914420085B06D /* Default-568h@2x.png */,
			);
			name = "Supporting Files";
			path = GraphKit;
			sourceTree = "<group>";
		};
/* End PBXGroup section */

/* Begin PBXNativeTarget section */
		E1B54BB0165914420085B06D /* GraphKit */ = {
			isa = PBXNativeTarget;
			buildConfigurationList = E1B54BCF165914420085B06D /* Build configuration list for PBXNativeTarget "GraphKit" */;
			buildPhases = (
				E1B54BAD165914420085B06D /* Sources */,
				E1B54BAE165914420085B06D /* Frameworks */,
				E1B54BAF165914420085B06D /* Resources */,
			);
			buildRules = (
			);
			dependencies = (
			);
			name = GraphKit;
			productName = GraphKit;
			productReference = E1B54BB1165914420085B06D /* GraphKit.app */;
			productType = "com.apple.product-type.application";
		};
/* End PBXNativeTarget section */

/* Begin PBXProject section */
		E1B54BA8165914420085B06D /* Project object */ = {
			isa = PBXProject;
			attributes = {
				LastUpgradeCheck = 0450;
				ORGANIZATIONNAME = "Alexander Ignatenko";
			};
			buildConfigurationList = E1B54BAB165914420085B06D /* Build configuration list for PBXProject "GraphKit" */;
			compatibilityVersion = "Xcode 3.2";
			developmentRegion = English;
			hasScannedForEncodings = 0;
			knownRegions = (
				en,
			);
			mainGroup = E1B54BA6165914420085B06D;
			productRefGroup = E1B54BB2165914420085B06D /* Products */;
			projectDirPath = "";
			projectRoot = "";
			targets = (
				E1B54BB0165914420085B06D /* GraphKit */,
			);
		};
/* End PBXProject section */

/* Begin PBXResourcesBuildPhase section */
		E1B54BAF165914420085B06D /* Resources */ = {
			isa = PBXResourcesBuildPhase;
			buildActionMask = 2147483647;
			files = (
				E1B54BC0165914420085B06D /* InfoPlist.strings in Resources */,
				E1B54BC8165914420085B06D /* Default.png in Resources */,
				E1B54BCA165914420085B06D /* Default@2x.png in Resources */,
				E1B54BCC165914420085B06D /* Default-568h@2x.png in Resources */,
				E1DF7384165C3B7F0012F299 /* TestViewController.xib in Resources */,
				E18EA98C1660E5890076C565 /* gknodeview-default-bg.png in Resources */,
			);
			runOnlyForDeploymentPostprocessing = 0;
		};
/* End PBXResourcesBuildPhase section */

/* Begin PBXSourcesBuildPhase section */
		E1B54BAD165914420085B06D /* Sources */ = {
			isa = PBXSourcesBuildPhase;
			buildActionMask = 2147483647;
			files = (
				E1B54BC2165914420085B06D /* main.m in Sources */,
				E1B54BC6165914420085B06D /* AppDelegate.m in Sources */,
				E1B54BD4165914E00085B06D /* GKGraphView.m in Sources */,
				E1DF7378165C12680012F299 /* GKNodeView.m in Sources */,
				E1DF737F165C36A70012F299 /* UIView+Geometry.m in Sources */,
				E1DF7382165C3A0F0012F299 /* TestViewController.m in Sources */,
				E1EA5463165D298400EF5B46 /* TestNode.m in Sources */,
			);
			runOnlyForDeploymentPostprocessing = 0;
		};
/* End PBXSourcesBuildPhase section */

/* Begin PBXVariantGroup section */
		E1B54BBE165914420085B06D /* InfoPlist.strings */ = {
			isa = PBXVariantGroup;
			children = (
				E1B54BBF165914420085B06D /* en */,
			);
			name = InfoPlist.strings;
			sourceTree = "<group>";
		};
/* End PBXVariantGroup section */

/* Begin XCBuildConfiguration section */
		E1B54BCD165914420085B06D /* Debug */ = {
			isa = XCBuildConfiguration;
			buildSettings = {
				ALWAYS_SEARCH_USER_PATHS = NO;
				CLANG_CXX_LANGUAGE_STANDARD = "gnu++0x";
				CLANG_CXX_LIBRARY = "libc++";
				CLANG_ENABLE_OBJC_ARC = YES;
				CLANG_WARN_EMPTY_BODY = YES;
				CLANG_WARN__DUPLICATE_METHOD_MATCH = YES;
				"CODE_SIGN_IDENTITY[sdk=iphoneos*]" = "iPhone Developer";
				COPY_PHASE_STRIP = NO;
				GCC_C_LANGUAGE_STANDARD = gnu99;
				GCC_DYNAMIC_NO_PIC = NO;
				GCC_OPTIMIZATION_LEVEL = 0;
				GCC_PREPROCESSOR_DEFINITIONS = (
					"DEBUG=1",
					"$(inherited)",
				);
				GCC_SYMBOLS_PRIVATE_EXTERN = NO;
				GCC_WARN_ABOUT_RETURN_TYPE = YES;
				GCC_WARN_UNINITIALIZED_AUTOS = YES;
				GCC_WARN_UNUSED_VARIABLE = YES;
				IPHONEOS_DEPLOYMENT_TARGET = 6.0;
				ONLY_ACTIVE_ARCH = YES;
				SDKROOT = iphoneos;
				TARGETED_DEVICE_FAMILY = "1,2";
			};
			name = Debug;
		};
		E1B54BCE165914420085B06D /* Release */ = {
			isa = XCBuildConfiguration;
			buildSettings = {
				ALWAYS_SEARCH_USER_PATHS = NO;
				CLANG_CXX_LANGUAGE_STANDARD = "gnu++0x";
				CLANG_CXX_LIBRARY = "libc++";
				CLANG_ENABLE_OBJC_ARC = YES;
				CLANG_WARN_EMPTY_BODY = YES;
				CLANG_WARN__DUPLICATE_METHOD_MATCH = YES;
				"CODE_SIGN_IDENTITY[sdk=iphoneos*]" = "iPhone Developer";
				COPY_PHASE_STRIP = YES;
				GCC_C_LANGUAGE_STANDARD = gnu99;
				GCC_WARN_ABOUT_RETURN_TYPE = YES;
				GCC_WARN_UNINITIALIZED_AUTOS = YES;
				GCC_WARN_UNUSED_VARIABLE = YES;
				IPHONEOS_DEPLOYMENT_TARGET = 6.0;
				OTHER_CFLAGS = "-DNS_BLOCK_ASSERTIONS=1";
				SDKROOT = iphoneos;
				TARGETED_DEVICE_FAMILY = "1,2";
				VALIDATE_PRODUCT = YES;
			};
			name = Release;
		};
		E1B54BD0165914420085B06D /* Debug */ = {
			isa = XCBuildConfiguration;
			buildSettings = {
				GCC_PRECOMPILE_PREFIX_HEADER = YES;
				GCC_PREFIX_HEADER = "GraphKit/GraphKit-Prefix.pch";
				INFOPLIST_FILE = "GraphKit/GraphKit-Info.plist";
				PRODUCT_NAME = "$(TARGET_NAME)";
				WRAPPER_EXTENSION = app;
			};
			name = Debug;
		};
		E1B54BD1165914420085B06D /* Release */ = {
			isa = XCBuildConfiguration;
			buildSettings = {
				GCC_PRECOMPILE_PREFIX_HEADER = YES;
				GCC_PREFIX_HEADER = "GraphKit/GraphKit-Prefix.pch";
				INFOPLIST_FILE = "GraphKit/GraphKit-Info.plist";
				PRODUCT_NAME = "$(TARGET_NAME)";
				WRAPPER_EXTENSION = app;
			};
			name = Release;
		};
/* End XCBuildConfiguration section */

/* Begin XCConfigurationList section */
		E1B54BAB165914420085B06D /* Build configuration list for PBXProject "GraphKit" */ = {
			isa = XCConfigurationList;
			buildConfigurations = (
				E1B54BCD165914420085B06D /* Debug */,
				E1B54BCE165914420085B06D /* Release */,
			);
			defaultConfigurationIsVisible = 0;
			defaultConfigurationName = Release;
		};
		E1B54BCF165914420085B06D /* Build configuration list for PBXNativeTarget "GraphKit" */ = {
			isa = XCConfigurationList;
			buildConfigurations = (
				E1B54BD0165914420085B06D /* Debug */,
				E1B54BD1165914420085B06D /* Release */,
			);
			defaultConfigurationIsVisible = 0;
			defaultConfigurationName = Release;
		};
/* End XCConfigurationList section */
	};
	rootObject = E1B54BA8165914420085B06D /* Project object */;
}
